<?xml version="1.0" encoding="utf-8"?>
<Project ToolsVersion="4.0" xmlns="http://schemas.microsoft.com/developer/msbuild/2003">
  <ItemGroup>
    <ClCompile Include="..\infolab-XY\src\XYstring.cpp">
      <Filter>Resource</Filter>
    </ClCompile>
    <ClCompile Include="src\test.cpp" />
  </ItemGroup>
  <ItemGroup>
    <None Include="packages.config" />
  </ItemGroup>
  <ItemGroup>
    <Filter Include="Resource">
      <UniqueIdentifier>{332c35cf-cf53-4387-a7dd-479f6a53e378}</UniqueIdentifier>
    </Filter>
  </ItemGroup>
</Project>